{
  "name": "Julian-OU.github.io",
  "lockfileVersion": 2,
  "requires": true,
  "packages": {
    "": {
      "dependencies": {
        "js2wordcloud": "^1.1.12"
      }
    },
    "node_modules/js2wordcloud": {
      "version": "1.1.12",
      "resolved": "https://registry.npmjs.org/js2wordcloud/-/js2wordcloud-1.1.12.tgz",
      "integrity": "sha512-t/yK4nAMSYYxxg6RZ9+CrP1VWo0tTD/3ty4Mm/dq3Y2mH0Y0MZ5s4FcEukveEm7ryrtlB4dtHjppdQs74x53Mg=="
    }
  },
  "dependencies": {
    "js2wordcloud": {
      "version": "1.1.12",
      "resolved": "https://registry.npmjs.org/js2wordcloud/-/js2wordcloud-1.1.12.tgz",
      "integrity": "sha512-t/yK4nAMSYYxxg6RZ9+CrP1VWo0tTD/3ty4Mm/dq3Y2mH0Y0MZ5s4FcEukveEm7ryrtlB4dtHjppdQs74x53Mg=="
    }
  }
}
